
Microsoft Visual Studio Solution File, Format Version 12.00
# Visual Studio 15
VisualStudioVersion = 15.0.28307.489
MinimumVisualStudioVersion = 10.0.40219.1
Project("{2150E333-8FDC-42A3-9474-1A3956D46DE8}") = "Lesson_01", "Lesson_01", "{7DFB061A-0817-463A-8603-B43CCB25802C}"
EndProject
Project("{2150E333-8FDC-42A3-9474-1A3956D46DE8}") = "Lesson_02", "Lesson_02", "{7ECEB6C7-7EB9-41E0-9FF6-9152456A9F31}"
EndProject
Project("{2150E333-8FDC-42A3-9474-1A3956D46DE8}") = "Lesson_03", "Lesson_03", "{FBF8B769-208F-4F59-A046-D14E90D3F723}"
EndProject
Project("{2150E333-8FDC-42A3-9474-1A3956D46DE8}") = "Lesson_05", "Lesson_05", "{D30DBF2B-BE08-4FAC-B82B-28CAFBAC2715}"
EndProject
Project("{2150E333-8FDC-42A3-9474-1A3956D46DE8}") = "Lesson_06", "Lesson_06", "{FB9FE566-FDB3-4078-B265-298360F7D4EA}"
	ProjectSection(SolutionItems) = preProject
		Homework.txt = Homework.txt
	EndProjectSection
EndProject
Project("{9A19103F-16F7-4668-BE54-9A1E7A4F7556}") = "Example_2422", "Theme_24\Example_2422\Example_2422.csproj", "{FF814F02-DC46-4B53-90BB-8634038A2EC2}"
EndProject
Project("{9A19103F-16F7-4668-BE54-9A1E7A4F7556}") = "Example_2423", "Theme_24\Example_2423\Example_2423.csproj", "{CFFC694B-B626-446E-9434-FB6E717D5296}"
EndProject
Project("{FAE04EC0-301F-11D3-BF4B-00C04F79EFBC}") = "Example_2010", "Theme_24\Example_2010\Example_2010.csproj", "{FDB7707A-478D-42BE-893D-6E21B40CE8E9}"
EndProject
Project("{9A19103F-16F7-4668-BE54-9A1E7A4F7556}") = "Example_2011", "Theme_24\Example_2011\Example_2011.csproj", "{DC5A632F-C674-45FA-82D8-22465A2A2D5E}"
EndProject
Project("{9A19103F-16F7-4668-BE54-9A1E7A4F7556}") = "Example_2012", "Theme_24\Example_2012\Example_2012.csproj", "{D9C74122-D0AA-4E77-9548-7ED5D694DE58}"
EndProject
Project("{9A19103F-16F7-4668-BE54-9A1E7A4F7556}") = "Example_2013", "Theme_24\Example_2013\Example_2013.csproj", "{328EAA26-32A5-45AB-9057-81BC3E28CBD4}"
EndProject
Project("{9A19103F-16F7-4668-BE54-9A1E7A4F7556}") = "Example_2424", "Theme_24\Example_2424\Example_2424.csproj", "{41E9E941-CAEA-49C6-A54F-33559892F169}"
EndProject
Project("{9A19103F-16F7-4668-BE54-9A1E7A4F7556}") = "Example_2425", "Theme_24\Example_2425\Example_2425.csproj", "{7C5F3C5E-8590-4AD9-8017-8F67B96E2000}"
EndProject
Project("{9A19103F-16F7-4668-BE54-9A1E7A4F7556}") = "Example_2426", "Theme_24\Example_2426\Example_2426.csproj", "{BF6BA0E9-9315-4ACE-8497-E6B12F5B7203}"
EndProject
Project("{9A19103F-16F7-4668-BE54-9A1E7A4F7556}") = "Example_2421", "Theme_24\Example_2421\Example_2421.csproj", "{0B942F33-7C1B-4B8C-8F88-B705AB3A06C4}"
EndProject
Project("{9A19103F-16F7-4668-BE54-9A1E7A4F7556}") = "Example_2431", "Example_2431\Example_2431.csproj", "{CB074EC3-BE10-4582-9A45-E8E2F6E9A5B7}"
EndProject
Project("{2150E333-8FDC-42A3-9474-1A3956D46DE8}") = "Lesson_04", "Lesson_04", "{2DCB1A9B-6B61-4C5B-A47B-6095B18C7D63}"
EndProject
Project("{FAE04EC0-301F-11D3-BF4B-00C04F79EFBC}") = "Example_2451", "Example_2451\Example_2451.csproj", "{8EFEDD12-4884-46C7-96C0-AB8DE49BE5C4}"
EndProject
Global
	GlobalSection(SolutionConfigurationPlatforms) = preSolution
		Debug|Any CPU = Debug|Any CPU
		Release|Any CPU = Release|Any CPU
	EndGlobalSection
	GlobalSection(ProjectConfigurationPlatforms) = postSolution
		{FF814F02-DC46-4B53-90BB-8634038A2EC2}.Debug|Any CPU.ActiveCfg = Debug|Any CPU
		{FF814F02-DC46-4B53-90BB-8634038A2EC2}.Debug|Any CPU.Build.0 = Debug|Any CPU
		{FF814F02-DC46-4B53-90BB-8634038A2EC2}.Release|Any CPU.ActiveCfg = Release|Any CPU
		{FF814F02-DC46-4B53-90BB-8634038A2EC2}.Release|Any CPU.Build.0 = Release|Any CPU
		{CFFC694B-B626-446E-9434-FB6E717D5296}.Debug|Any CPU.ActiveCfg = Debug|Any CPU
		{CFFC694B-B626-446E-9434-FB6E717D5296}.Debug|Any CPU.Build.0 = Debug|Any CPU
		{CFFC694B-B626-446E-9434-FB6E717D5296}.Release|Any CPU.ActiveCfg = Release|Any CPU
		{CFFC694B-B626-446E-9434-FB6E717D5296}.Release|Any CPU.Build.0 = Release|Any CPU
		{FDB7707A-478D-42BE-893D-6E21B40CE8E9}.Debug|Any CPU.ActiveCfg = Debug|Any CPU
		{FDB7707A-478D-42BE-893D-6E21B40CE8E9}.Debug|Any CPU.Build.0 = Debug|Any CPU
		{FDB7707A-478D-42BE-893D-6E21B40CE8E9}.Release|Any CPU.ActiveCfg = Release|Any CPU
		{FDB7707A-478D-42BE-893D-6E21B40CE8E9}.Release|Any CPU.Build.0 = Release|Any CPU
		{DC5A632F-C674-45FA-82D8-22465A2A2D5E}.Debug|Any CPU.ActiveCfg = Debug|Any CPU
		{DC5A632F-C674-45FA-82D8-22465A2A2D5E}.Debug|Any CPU.Build.0 = Debug|Any CPU
		{DC5A632F-C674-45FA-82D8-22465A2A2D5E}.Release|Any CPU.ActiveCfg = Release|Any CPU
		{DC5A632F-C674-45FA-82D8-22465A2A2D5E}.Release|Any CPU.Build.0 = Release|Any CPU
		{D9C74122-D0AA-4E77-9548-7ED5D694DE58}.Debug|Any CPU.ActiveCfg = Debug|Any CPU
		{D9C74122-D0AA-4E77-9548-7ED5D694DE58}.Debug|Any CPU.Build.0 = Debug|Any CPU
		{D9C74122-D0AA-4E77-9548-7ED5D694DE58}.Release|Any CPU.ActiveCfg = Release|Any CPU
		{D9C74122-D0AA-4E77-9548-7ED5D694DE58}.Release|Any CPU.Build.0 = Release|Any CPU
		{328EAA26-32A5-45AB-9057-81BC3E28CBD4}.Debug|Any CPU.ActiveCfg = Debug|Any CPU
		{328EAA26-32A5-45AB-9057-81BC3E28CBD4}.Debug|Any CPU.Build.0 = Debug|Any CPU
		{328EAA26-32A5-45AB-9057-81BC3E28CBD4}.Release|Any CPU.ActiveCfg = Release|Any CPU
		{328EAA26-32A5-45AB-9057-81BC3E28CBD4}.Release|Any CPU.Build.0 = Release|Any CPU
		{41E9E941-CAEA-49C6-A54F-33559892F169}.Debug|Any CPU.ActiveCfg = Debug|Any CPU
		{41E9E941-CAEA-49C6-A54F-33559892F169}.Debug|Any CPU.Build.0 = Debug|Any CPU
		{41E9E941-CAEA-49C6-A54F-33559892F169}.Release|Any CPU.ActiveCfg = Release|Any CPU
		{41E9E941-CAEA-49C6-A54F-33559892F169}.Release|Any CPU.Build.0 = Release|Any CPU
		{7C5F3C5E-8590-4AD9-8017-8F67B96E2000}.Debug|Any CPU.ActiveCfg = Debug|Any CPU
		{7C5F3C5E-8590-4AD9-8017-8F67B96E2000}.Debug|Any CPU.Build.0 = Debug|Any CPU
		{7C5F3C5E-8590-4AD9-8017-8F67B96E2000}.Release|Any CPU.ActiveCfg = Release|Any CPU
		{7C5F3C5E-8590-4AD9-8017-8F67B96E2000}.Release|Any CPU.Build.0 = Release|Any CPU
		{BF6BA0E9-9315-4ACE-8497-E6B12F5B7203}.Debug|Any CPU.ActiveCfg = Debug|Any CPU
		{BF6BA0E9-9315-4ACE-8497-E6B12F5B7203}.Debug|Any CPU.Build.0 = Debug|Any CPU
		{BF6BA0E9-9315-4ACE-8497-E6B12F5B7203}.Release|Any CPU.ActiveCfg = Release|Any CPU
		{BF6BA0E9-9315-4ACE-8497-E6B12F5B7203}.Release|Any CPU.Build.0 = Release|Any CPU
		{0B942F33-7C1B-4B8C-8F88-B705AB3A06C4}.Debug|Any CPU.ActiveCfg = Debug|Any CPU
		{0B942F33-7C1B-4B8C-8F88-B705AB3A06C4}.Debug|Any CPU.Build.0 = Debug|Any CPU
		{0B942F33-7C1B-4B8C-8F88-B705AB3A06C4}.Release|Any CPU.ActiveCfg = Release|Any CPU
		{0B942F33-7C1B-4B8C-8F88-B705AB3A06C4}.Release|Any CPU.Build.0 = Release|Any CPU
		{CB074EC3-BE10-4582-9A45-E8E2F6E9A5B7}.Debug|Any CPU.ActiveCfg = Debug|Any CPU
		{CB074EC3-BE10-4582-9A45-E8E2F6E9A5B7}.Debug|Any CPU.Build.0 = Debug|Any CPU
		{CB074EC3-BE10-4582-9A45-E8E2F6E9A5B7}.Release|Any CPU.ActiveCfg = Release|Any CPU
		{CB074EC3-BE10-4582-9A45-E8E2F6E9A5B7}.Release|Any CPU.Build.0 = Release|Any CPU
		{8EFEDD12-4884-46C7-96C0-AB8DE49BE5C4}.Debug|Any CPU.ActiveCfg = Debug|Any CPU
		{8EFEDD12-4884-46C7-96C0-AB8DE49BE5C4}.Debug|Any CPU.Build.0 = Debug|Any CPU
		{8EFEDD12-4884-46C7-96C0-AB8DE49BE5C4}.Release|Any CPU.ActiveCfg = Release|Any CPU
		{8EFEDD12-4884-46C7-96C0-AB8DE49BE5C4}.Release|Any CPU.Build.0 = Release|Any CPU
	EndGlobalSection
	GlobalSection(SolutionProperties) = preSolution
		HideSolutionNode = FALSE
	EndGlobalSection
	GlobalSection(NestedProjects) = preSolution
		{FF814F02-DC46-4B53-90BB-8634038A2EC2} = {7ECEB6C7-7EB9-41E0-9FF6-9152456A9F31}
		{CFFC694B-B626-446E-9434-FB6E717D5296} = {7ECEB6C7-7EB9-41E0-9FF6-9152456A9F31}
		{FDB7707A-478D-42BE-893D-6E21B40CE8E9} = {7DFB061A-0817-463A-8603-B43CCB25802C}
		{DC5A632F-C674-45FA-82D8-22465A2A2D5E} = {7DFB061A-0817-463A-8603-B43CCB25802C}
		{D9C74122-D0AA-4E77-9548-7ED5D694DE58} = {7DFB061A-0817-463A-8603-B43CCB25802C}
		{328EAA26-32A5-45AB-9057-81BC3E28CBD4} = {7DFB061A-0817-463A-8603-B43CCB25802C}
		{41E9E941-CAEA-49C6-A54F-33559892F169} = {7ECEB6C7-7EB9-41E0-9FF6-9152456A9F31}
		{7C5F3C5E-8590-4AD9-8017-8F67B96E2000} = {7ECEB6C7-7EB9-41E0-9FF6-9152456A9F31}
		{BF6BA0E9-9315-4ACE-8497-E6B12F5B7203} = {7ECEB6C7-7EB9-41E0-9FF6-9152456A9F31}
		{0B942F33-7C1B-4B8C-8F88-B705AB3A06C4} = {7ECEB6C7-7EB9-41E0-9FF6-9152456A9F31}
		{CB074EC3-BE10-4582-9A45-E8E2F6E9A5B7} = {FBF8B769-208F-4F59-A046-D14E90D3F723}
		{8EFEDD12-4884-46C7-96C0-AB8DE49BE5C4} = {D30DBF2B-BE08-4FAC-B82B-28CAFBAC2715}
	EndGlobalSection
	GlobalSection(ExtensibilityGlobals) = postSolution
		SolutionGuid = {447713A1-B122-467B-AC28-FC58A30094B4}
	EndGlobalSection
EndGlobal
