
Microsoft Visual Studio Solution File, Format Version 12.00
# Visual Studio 15
VisualStudioVersion = 15.0.28307.489
MinimumVisualStudioVersion = 10.0.40219.1
Project("{2150E333-8FDC-42A3-9474-1A3956D46DE8}") = "Lesson_01", "Lesson_01", "{4F567135-DB51-42D2-851D-2789D4C0347D}"
EndProject
Project("{2150E333-8FDC-42A3-9474-1A3956D46DE8}") = "Lesson_02", "Lesson_02", "{A2CED54E-A2C8-4351-A1C5-454C180EE282}"
EndProject
Project("{2150E333-8FDC-42A3-9474-1A3956D46DE8}") = "Lesson_03", "Lesson_03", "{888E917B-8957-4EF0-B296-6C338EE06336}"
EndProject
Project("{2150E333-8FDC-42A3-9474-1A3956D46DE8}") = "Lesson_04", "Lesson_04", "{A2CCA4DB-B51C-45BD-BE06-47DD5D247452}"
EndProject
Project("{2150E333-8FDC-42A3-9474-1A3956D46DE8}") = "Lesson_05", "Lesson_05", "{2FD023E8-BD3F-463E-A075-7A6B780F9458}"
EndProject
Project("{FAE04EC0-301F-11D3-BF4B-00C04F79EFBC}") = "Example_1910", "Example_1910\Example_1910.csproj", "{FE585359-71DA-48AF-9136-A59AC7163571}"
EndProject
Project("{FAE04EC0-301F-11D3-BF4B-00C04F79EFBC}") = "Example_1911", "Example_1911\Example_1911.csproj", "{B6DF600C-20D8-477D-BECD-10F4B2E35BFC}"
EndProject
Project("{FAE04EC0-301F-11D3-BF4B-00C04F79EFBC}") = "Example_1912", "Example_1912\Example_1912.csproj", "{F3B66527-9C2B-471E-A3E4-AE62B5114D89}"
EndProject
Project("{FAE04EC0-301F-11D3-BF4B-00C04F79EFBC}") = "Example_19112", "Example_19112\Example_19112.csproj", "{7C707608-7FCB-481B-A619-DF2C1A031DF9}"
EndProject
Project("{FAE04EC0-301F-11D3-BF4B-00C04F79EFBC}") = "Example_1921", "Example_1921\Example_1921.csproj", "{E1821E24-7F7D-446A-8C06-6D95A9B2C703}"
EndProject
Project("{FAE04EC0-301F-11D3-BF4B-00C04F79EFBC}") = "Example_1922", "Example_1922\Example_1922.csproj", "{ABC5290B-6B91-4130-B7E5-C7F7CB8A2915}"
EndProject
Project("{FAE04EC0-301F-11D3-BF4B-00C04F79EFBC}") = "Example_1931", "Example_1931\Example_1931.csproj", "{5A8532E5-27C8-45D5-BF8F-299F29674855}"
EndProject
Project("{FAE04EC0-301F-11D3-BF4B-00C04F79EFBC}") = "Example_1941", "Example_1941\Example_1941.csproj", "{C97F34F4-4EB4-40D7-8B5C-30F9ECBA9C7B}"
EndProject
Project("{FAE04EC0-301F-11D3-BF4B-00C04F79EFBC}") = "Example_1942", "Example_1942\Example_1942.csproj", "{9ECC55C6-0065-4E3A-9C7A-1A2F0FE1F2ED}"
EndProject
Project("{FAE04EC0-301F-11D3-BF4B-00C04F79EFBC}") = "Example_1942_Logic", "Example_1942_Logic\Example_1942_Logic.csproj", "{7A6CA7F7-F6F2-459D-8DB6-FF8EDF4EDDEF}"
EndProject
Project("{FAE04EC0-301F-11D3-BF4B-00C04F79EFBC}") = "Example_1943", "Example_1943\Example_1943.csproj", "{F0DA4DAB-35CD-4546-B492-09CE6FDD68CD}"
EndProject
Project("{FAE04EC0-301F-11D3-BF4B-00C04F79EFBC}") = "Example_1944", "Example_1944\Example_1944.csproj", "{02BE00C4-4CA4-4001-8857-644164A190BC}"
EndProject
Project("{FAE04EC0-301F-11D3-BF4B-00C04F79EFBC}") = "Example_1951", "Example_19112\Example_1951\Example_1951.csproj", "{A48C565A-43D1-4DD6-A96A-ED8CFB7BAF7D}"
EndProject
Project("{FAE04EC0-301F-11D3-BF4B-00C04F79EFBC}") = "Example_1932", "Example_1932\Example_1932.csproj", "{523C07F5-5105-45D7-BC84-C9267EF66C64}"
EndProject
Global
	GlobalSection(SolutionConfigurationPlatforms) = preSolution
		Debug|Any CPU = Debug|Any CPU
		Release|Any CPU = Release|Any CPU
	EndGlobalSection
	GlobalSection(ProjectConfigurationPlatforms) = postSolution
		{FE585359-71DA-48AF-9136-A59AC7163571}.Debug|Any CPU.ActiveCfg = Debug|Any CPU
		{FE585359-71DA-48AF-9136-A59AC7163571}.Debug|Any CPU.Build.0 = Debug|Any CPU
		{FE585359-71DA-48AF-9136-A59AC7163571}.Release|Any CPU.ActiveCfg = Release|Any CPU
		{FE585359-71DA-48AF-9136-A59AC7163571}.Release|Any CPU.Build.0 = Release|Any CPU
		{B6DF600C-20D8-477D-BECD-10F4B2E35BFC}.Debug|Any CPU.ActiveCfg = Debug|Any CPU
		{B6DF600C-20D8-477D-BECD-10F4B2E35BFC}.Debug|Any CPU.Build.0 = Debug|Any CPU
		{B6DF600C-20D8-477D-BECD-10F4B2E35BFC}.Release|Any CPU.ActiveCfg = Release|Any CPU
		{B6DF600C-20D8-477D-BECD-10F4B2E35BFC}.Release|Any CPU.Build.0 = Release|Any CPU
		{F3B66527-9C2B-471E-A3E4-AE62B5114D89}.Debug|Any CPU.ActiveCfg = Debug|Any CPU
		{F3B66527-9C2B-471E-A3E4-AE62B5114D89}.Debug|Any CPU.Build.0 = Debug|Any CPU
		{F3B66527-9C2B-471E-A3E4-AE62B5114D89}.Release|Any CPU.ActiveCfg = Release|Any CPU
		{F3B66527-9C2B-471E-A3E4-AE62B5114D89}.Release|Any CPU.Build.0 = Release|Any CPU
		{7C707608-7FCB-481B-A619-DF2C1A031DF9}.Debug|Any CPU.ActiveCfg = Debug|Any CPU
		{7C707608-7FCB-481B-A619-DF2C1A031DF9}.Debug|Any CPU.Build.0 = Debug|Any CPU
		{7C707608-7FCB-481B-A619-DF2C1A031DF9}.Release|Any CPU.ActiveCfg = Release|Any CPU
		{7C707608-7FCB-481B-A619-DF2C1A031DF9}.Release|Any CPU.Build.0 = Release|Any CPU
		{E1821E24-7F7D-446A-8C06-6D95A9B2C703}.Debug|Any CPU.ActiveCfg = Debug|Any CPU
		{E1821E24-7F7D-446A-8C06-6D95A9B2C703}.Debug|Any CPU.Build.0 = Debug|Any CPU
		{E1821E24-7F7D-446A-8C06-6D95A9B2C703}.Release|Any CPU.ActiveCfg = Release|Any CPU
		{E1821E24-7F7D-446A-8C06-6D95A9B2C703}.Release|Any CPU.Build.0 = Release|Any CPU
		{ABC5290B-6B91-4130-B7E5-C7F7CB8A2915}.Debug|Any CPU.ActiveCfg = Debug|Any CPU
		{ABC5290B-6B91-4130-B7E5-C7F7CB8A2915}.Debug|Any CPU.Build.0 = Debug|Any CPU
		{ABC5290B-6B91-4130-B7E5-C7F7CB8A2915}.Release|Any CPU.ActiveCfg = Release|Any CPU
		{ABC5290B-6B91-4130-B7E5-C7F7CB8A2915}.Release|Any CPU.Build.0 = Release|Any CPU
		{5A8532E5-27C8-45D5-BF8F-299F29674855}.Debug|Any CPU.ActiveCfg = Debug|Any CPU
		{5A8532E5-27C8-45D5-BF8F-299F29674855}.Debug|Any CPU.Build.0 = Debug|Any CPU
		{5A8532E5-27C8-45D5-BF8F-299F29674855}.Release|Any CPU.ActiveCfg = Release|Any CPU
		{5A8532E5-27C8-45D5-BF8F-299F29674855}.Release|Any CPU.Build.0 = Release|Any CPU
		{C97F34F4-4EB4-40D7-8B5C-30F9ECBA9C7B}.Debug|Any CPU.ActiveCfg = Debug|Any CPU
		{C97F34F4-4EB4-40D7-8B5C-30F9ECBA9C7B}.Debug|Any CPU.Build.0 = Debug|Any CPU
		{C97F34F4-4EB4-40D7-8B5C-30F9ECBA9C7B}.Release|Any CPU.ActiveCfg = Release|Any CPU
		{C97F34F4-4EB4-40D7-8B5C-30F9ECBA9C7B}.Release|Any CPU.Build.0 = Release|Any CPU
		{9ECC55C6-0065-4E3A-9C7A-1A2F0FE1F2ED}.Debug|Any CPU.ActiveCfg = Debug|Any CPU
		{9ECC55C6-0065-4E3A-9C7A-1A2F0FE1F2ED}.Debug|Any CPU.Build.0 = Debug|Any CPU
		{9ECC55C6-0065-4E3A-9C7A-1A2F0FE1F2ED}.Release|Any CPU.ActiveCfg = Release|Any CPU
		{9ECC55C6-0065-4E3A-9C7A-1A2F0FE1F2ED}.Release|Any CPU.Build.0 = Release|Any CPU
		{7A6CA7F7-F6F2-459D-8DB6-FF8EDF4EDDEF}.Debug|Any CPU.ActiveCfg = Debug|Any CPU
		{7A6CA7F7-F6F2-459D-8DB6-FF8EDF4EDDEF}.Debug|Any CPU.Build.0 = Debug|Any CPU
		{7A6CA7F7-F6F2-459D-8DB6-FF8EDF4EDDEF}.Release|Any CPU.ActiveCfg = Release|Any CPU
		{7A6CA7F7-F6F2-459D-8DB6-FF8EDF4EDDEF}.Release|Any CPU.Build.0 = Release|Any CPU
		{F0DA4DAB-35CD-4546-B492-09CE6FDD68CD}.Debug|Any CPU.ActiveCfg = Debug|Any CPU
		{F0DA4DAB-35CD-4546-B492-09CE6FDD68CD}.Debug|Any CPU.Build.0 = Debug|Any CPU
		{F0DA4DAB-35CD-4546-B492-09CE6FDD68CD}.Release|Any CPU.ActiveCfg = Release|Any CPU
		{F0DA4DAB-35CD-4546-B492-09CE6FDD68CD}.Release|Any CPU.Build.0 = Release|Any CPU
		{02BE00C4-4CA4-4001-8857-644164A190BC}.Debug|Any CPU.ActiveCfg = Debug|Any CPU
		{02BE00C4-4CA4-4001-8857-644164A190BC}.Debug|Any CPU.Build.0 = Debug|Any CPU
		{02BE00C4-4CA4-4001-8857-644164A190BC}.Release|Any CPU.ActiveCfg = Release|Any CPU
		{02BE00C4-4CA4-4001-8857-644164A190BC}.Release|Any CPU.Build.0 = Release|Any CPU
		{A48C565A-43D1-4DD6-A96A-ED8CFB7BAF7D}.Debug|Any CPU.ActiveCfg = Debug|Any CPU
		{A48C565A-43D1-4DD6-A96A-ED8CFB7BAF7D}.Debug|Any CPU.Build.0 = Debug|Any CPU
		{A48C565A-43D1-4DD6-A96A-ED8CFB7BAF7D}.Release|Any CPU.ActiveCfg = Release|Any CPU
		{A48C565A-43D1-4DD6-A96A-ED8CFB7BAF7D}.Release|Any CPU.Build.0 = Release|Any CPU
		{523C07F5-5105-45D7-BC84-C9267EF66C64}.Debug|Any CPU.ActiveCfg = Debug|Any CPU
		{523C07F5-5105-45D7-BC84-C9267EF66C64}.Debug|Any CPU.Build.0 = Debug|Any CPU
		{523C07F5-5105-45D7-BC84-C9267EF66C64}.Release|Any CPU.ActiveCfg = Release|Any CPU
		{523C07F5-5105-45D7-BC84-C9267EF66C64}.Release|Any CPU.Build.0 = Release|Any CPU
	EndGlobalSection
	GlobalSection(SolutionProperties) = preSolution
		HideSolutionNode = FALSE
	EndGlobalSection
	GlobalSection(NestedProjects) = preSolution
		{FE585359-71DA-48AF-9136-A59AC7163571} = {4F567135-DB51-42D2-851D-2789D4C0347D}
		{B6DF600C-20D8-477D-BECD-10F4B2E35BFC} = {4F567135-DB51-42D2-851D-2789D4C0347D}
		{F3B66527-9C2B-471E-A3E4-AE62B5114D89} = {4F567135-DB51-42D2-851D-2789D4C0347D}
		{7C707608-7FCB-481B-A619-DF2C1A031DF9} = {4F567135-DB51-42D2-851D-2789D4C0347D}
		{E1821E24-7F7D-446A-8C06-6D95A9B2C703} = {A2CED54E-A2C8-4351-A1C5-454C180EE282}
		{ABC5290B-6B91-4130-B7E5-C7F7CB8A2915} = {A2CED54E-A2C8-4351-A1C5-454C180EE282}
		{5A8532E5-27C8-45D5-BF8F-299F29674855} = {888E917B-8957-4EF0-B296-6C338EE06336}
		{C97F34F4-4EB4-40D7-8B5C-30F9ECBA9C7B} = {A2CCA4DB-B51C-45BD-BE06-47DD5D247452}
		{9ECC55C6-0065-4E3A-9C7A-1A2F0FE1F2ED} = {A2CCA4DB-B51C-45BD-BE06-47DD5D247452}
		{7A6CA7F7-F6F2-459D-8DB6-FF8EDF4EDDEF} = {A2CCA4DB-B51C-45BD-BE06-47DD5D247452}
		{F0DA4DAB-35CD-4546-B492-09CE6FDD68CD} = {A2CCA4DB-B51C-45BD-BE06-47DD5D247452}
		{02BE00C4-4CA4-4001-8857-644164A190BC} = {A2CCA4DB-B51C-45BD-BE06-47DD5D247452}
		{A48C565A-43D1-4DD6-A96A-ED8CFB7BAF7D} = {2FD023E8-BD3F-463E-A075-7A6B780F9458}
		{523C07F5-5105-45D7-BC84-C9267EF66C64} = {888E917B-8957-4EF0-B296-6C338EE06336}
	EndGlobalSection
	GlobalSection(ExtensibilityGlobals) = postSolution
		SolutionGuid = {447713A1-B122-467B-AC28-FC58A30094B4}
	EndGlobalSection
EndGlobal
