
Microsoft Visual Studio Solution File, Format Version 12.00
# Visual Studio 15
VisualStudioVersion = 15.0.28307.489
MinimumVisualStudioVersion = 10.0.40219.1
Project("{FAE04EC0-301F-11D3-BF4B-00C04F79EFBC}") = "Example_2510", "Example_2510\Example_2510.csproj", "{89B4201D-CBF5-4CA7-95B5-4220F403EC7C}"
EndProject
Project("{2150E333-8FDC-42A3-9474-1A3956D46DE8}") = "Lesson_01", "Lesson_01", "{C92035B9-257B-4A81-9FF3-C6AD96697769}"
EndProject
Project("{2150E333-8FDC-42A3-9474-1A3956D46DE8}") = "Lesson_02", "Lesson_02", "{BB1B2EFF-695C-4EB2-9BC9-590472A050D5}"
EndProject
Project("{2150E333-8FDC-42A3-9474-1A3956D46DE8}") = "Lesson_03", "Lesson_03", "{2BC8712C-1D29-46E3-B19A-D2A2838F7E58}"
EndProject
Project("{2150E333-8FDC-42A3-9474-1A3956D46DE8}") = "Lesson_04", "Lesson_04", "{1073E69C-6776-4852-9C17-CC2239154246}"
EndProject
Project("{2150E333-8FDC-42A3-9474-1A3956D46DE8}") = "Lesson_05", "Lesson_05", "{5F6F7871-01BB-4DBE-8303-10C1263412DC}"
	ProjectSection(SolutionItems) = preProject
		ВАЖНО!.txt = ВАЖНО!.txt
	EndProjectSection
EndProject
Project("{2150E333-8FDC-42A3-9474-1A3956D46DE8}") = "Lesson_06", "Lesson_06", "{B23E1CD5-BD66-45FD-80CB-838E4ADCD6F1}"
EndProject
Project("{9A19103F-16F7-4668-BE54-9A1E7A4F7556}") = "Example_2511", "Example_2511\Example_2511.csproj", "{9D4D760A-A549-412D-86E0-F51ED837F625}"
EndProject
Project("{9A19103F-16F7-4668-BE54-9A1E7A4F7556}") = "Example_2512", "Example_2512\Example_2512.csproj", "{85461011-8165-433B-9DCA-8F23312602FD}"
EndProject
Project("{9A19103F-16F7-4668-BE54-9A1E7A4F7556}") = "Example_2513", "Example_2513\Example_2513.csproj", "{41114D8B-90E3-4B20-AE67-BEEFD4BBE228}"
EndProject
Project("{FAE04EC0-301F-11D3-BF4B-00C04F79EFBC}") = "Example_2520", "Example_2520\Example_2520.csproj", "{882B5AD4-6DF4-44FF-8643-BA4FCE9AECD6}"
EndProject
Project("{9A19103F-16F7-4668-BE54-9A1E7A4F7556}") = "Example_2521", "Example_2521\Example_2521.csproj", "{542FDB6E-918C-466E-9B20-1679199E486C}"
EndProject
Project("{9A19103F-16F7-4668-BE54-9A1E7A4F7556}") = "Example_2522", "Example_2522\Example_2522.csproj", "{014382BB-4DFE-4D10-9C20-B784EBF2B07C}"
EndProject
Project("{9A19103F-16F7-4668-BE54-9A1E7A4F7556}") = "Example_2523", "Example_2523\Example_2523.csproj", "{51BCA9E0-A3F1-4840-9A52-7F1A81AFF73E}"
EndProject
Project("{9A19103F-16F7-4668-BE54-9A1E7A4F7556}") = "Example_2524", "Example_2524\Example_2524.csproj", "{8F5119EA-1AFB-4BA4-8E93-265722DEF88F}"
EndProject
Project("{9A19103F-16F7-4668-BE54-9A1E7A4F7556}") = "Example_2531", "Example_2531\Example_2531.csproj", "{9A883DA1-2E27-41CE-9C93-43ABA68A981B}"
EndProject
Project("{FAE04EC0-301F-11D3-BF4B-00C04F79EFBC}") = "Example_2530", "Example_2530\Example_2530.csproj", "{4EF092A3-9EB4-4CFE-A970-3B15F7A20032}"
EndProject
Project("{FAE04EC0-301F-11D3-BF4B-00C04F79EFBC}") = "Example_2540", "Example_2540\Example_2540.csproj", "{8DE67182-2AB0-4731-BF0B-79FBB3F868F7}"
EndProject
Project("{9A19103F-16F7-4668-BE54-9A1E7A4F7556}") = "MvcCoreProject", "MvcCoreProject\MvcCoreProject.csproj", "{62F351E3-8BCA-4DD2-8A24-AB2B54753DC7}"
EndProject
Project("{9A19103F-16F7-4668-BE54-9A1E7A4F7556}") = "Example_2561", "Example_2561\Example_2561.csproj", "{2544801C-140B-4492-956C-A09D466CF898}"
EndProject
Project("{9A19103F-16F7-4668-BE54-9A1E7A4F7556}") = "Examplе_2541", "Examplе_2541\Examplе_2541.csproj", "{600D602E-BC0C-4DBE-805F-F77E43948178}"
EndProject
Global
	GlobalSection(SolutionConfigurationPlatforms) = preSolution
		Debug|Any CPU = Debug|Any CPU
		Release|Any CPU = Release|Any CPU
	EndGlobalSection
	GlobalSection(ProjectConfigurationPlatforms) = postSolution
		{89B4201D-CBF5-4CA7-95B5-4220F403EC7C}.Debug|Any CPU.ActiveCfg = Debug|Any CPU
		{89B4201D-CBF5-4CA7-95B5-4220F403EC7C}.Debug|Any CPU.Build.0 = Debug|Any CPU
		{89B4201D-CBF5-4CA7-95B5-4220F403EC7C}.Release|Any CPU.ActiveCfg = Release|Any CPU
		{89B4201D-CBF5-4CA7-95B5-4220F403EC7C}.Release|Any CPU.Build.0 = Release|Any CPU
		{9D4D760A-A549-412D-86E0-F51ED837F625}.Debug|Any CPU.ActiveCfg = Debug|Any CPU
		{9D4D760A-A549-412D-86E0-F51ED837F625}.Debug|Any CPU.Build.0 = Debug|Any CPU
		{9D4D760A-A549-412D-86E0-F51ED837F625}.Release|Any CPU.ActiveCfg = Release|Any CPU
		{9D4D760A-A549-412D-86E0-F51ED837F625}.Release|Any CPU.Build.0 = Release|Any CPU
		{85461011-8165-433B-9DCA-8F23312602FD}.Debug|Any CPU.ActiveCfg = Debug|Any CPU
		{85461011-8165-433B-9DCA-8F23312602FD}.Debug|Any CPU.Build.0 = Debug|Any CPU
		{85461011-8165-433B-9DCA-8F23312602FD}.Release|Any CPU.ActiveCfg = Release|Any CPU
		{85461011-8165-433B-9DCA-8F23312602FD}.Release|Any CPU.Build.0 = Release|Any CPU
		{41114D8B-90E3-4B20-AE67-BEEFD4BBE228}.Debug|Any CPU.ActiveCfg = Debug|Any CPU
		{41114D8B-90E3-4B20-AE67-BEEFD4BBE228}.Debug|Any CPU.Build.0 = Debug|Any CPU
		{41114D8B-90E3-4B20-AE67-BEEFD4BBE228}.Release|Any CPU.ActiveCfg = Release|Any CPU
		{41114D8B-90E3-4B20-AE67-BEEFD4BBE228}.Release|Any CPU.Build.0 = Release|Any CPU
		{882B5AD4-6DF4-44FF-8643-BA4FCE9AECD6}.Debug|Any CPU.ActiveCfg = Debug|Any CPU
		{882B5AD4-6DF4-44FF-8643-BA4FCE9AECD6}.Debug|Any CPU.Build.0 = Debug|Any CPU
		{882B5AD4-6DF4-44FF-8643-BA4FCE9AECD6}.Release|Any CPU.ActiveCfg = Release|Any CPU
		{882B5AD4-6DF4-44FF-8643-BA4FCE9AECD6}.Release|Any CPU.Build.0 = Release|Any CPU
		{542FDB6E-918C-466E-9B20-1679199E486C}.Debug|Any CPU.ActiveCfg = Debug|Any CPU
		{542FDB6E-918C-466E-9B20-1679199E486C}.Debug|Any CPU.Build.0 = Debug|Any CPU
		{542FDB6E-918C-466E-9B20-1679199E486C}.Release|Any CPU.ActiveCfg = Release|Any CPU
		{542FDB6E-918C-466E-9B20-1679199E486C}.Release|Any CPU.Build.0 = Release|Any CPU
		{014382BB-4DFE-4D10-9C20-B784EBF2B07C}.Debug|Any CPU.ActiveCfg = Debug|Any CPU
		{014382BB-4DFE-4D10-9C20-B784EBF2B07C}.Debug|Any CPU.Build.0 = Debug|Any CPU
		{014382BB-4DFE-4D10-9C20-B784EBF2B07C}.Release|Any CPU.ActiveCfg = Release|Any CPU
		{014382BB-4DFE-4D10-9C20-B784EBF2B07C}.Release|Any CPU.Build.0 = Release|Any CPU
		{51BCA9E0-A3F1-4840-9A52-7F1A81AFF73E}.Debug|Any CPU.ActiveCfg = Debug|Any CPU
		{51BCA9E0-A3F1-4840-9A52-7F1A81AFF73E}.Debug|Any CPU.Build.0 = Debug|Any CPU
		{51BCA9E0-A3F1-4840-9A52-7F1A81AFF73E}.Release|Any CPU.ActiveCfg = Release|Any CPU
		{51BCA9E0-A3F1-4840-9A52-7F1A81AFF73E}.Release|Any CPU.Build.0 = Release|Any CPU
		{8F5119EA-1AFB-4BA4-8E93-265722DEF88F}.Debug|Any CPU.ActiveCfg = Debug|Any CPU
		{8F5119EA-1AFB-4BA4-8E93-265722DEF88F}.Debug|Any CPU.Build.0 = Debug|Any CPU
		{8F5119EA-1AFB-4BA4-8E93-265722DEF88F}.Release|Any CPU.ActiveCfg = Release|Any CPU
		{8F5119EA-1AFB-4BA4-8E93-265722DEF88F}.Release|Any CPU.Build.0 = Release|Any CPU
		{9A883DA1-2E27-41CE-9C93-43ABA68A981B}.Debug|Any CPU.ActiveCfg = Debug|Any CPU
		{9A883DA1-2E27-41CE-9C93-43ABA68A981B}.Debug|Any CPU.Build.0 = Debug|Any CPU
		{9A883DA1-2E27-41CE-9C93-43ABA68A981B}.Release|Any CPU.ActiveCfg = Release|Any CPU
		{9A883DA1-2E27-41CE-9C93-43ABA68A981B}.Release|Any CPU.Build.0 = Release|Any CPU
		{4EF092A3-9EB4-4CFE-A970-3B15F7A20032}.Debug|Any CPU.ActiveCfg = Debug|Any CPU
		{4EF092A3-9EB4-4CFE-A970-3B15F7A20032}.Debug|Any CPU.Build.0 = Debug|Any CPU
		{4EF092A3-9EB4-4CFE-A970-3B15F7A20032}.Release|Any CPU.ActiveCfg = Release|Any CPU
		{4EF092A3-9EB4-4CFE-A970-3B15F7A20032}.Release|Any CPU.Build.0 = Release|Any CPU
		{8DE67182-2AB0-4731-BF0B-79FBB3F868F7}.Debug|Any CPU.ActiveCfg = Debug|Any CPU
		{8DE67182-2AB0-4731-BF0B-79FBB3F868F7}.Debug|Any CPU.Build.0 = Debug|Any CPU
		{8DE67182-2AB0-4731-BF0B-79FBB3F868F7}.Release|Any CPU.ActiveCfg = Release|Any CPU
		{8DE67182-2AB0-4731-BF0B-79FBB3F868F7}.Release|Any CPU.Build.0 = Release|Any CPU
		{62F351E3-8BCA-4DD2-8A24-AB2B54753DC7}.Debug|Any CPU.ActiveCfg = Debug|Any CPU
		{62F351E3-8BCA-4DD2-8A24-AB2B54753DC7}.Debug|Any CPU.Build.0 = Debug|Any CPU
		{62F351E3-8BCA-4DD2-8A24-AB2B54753DC7}.Release|Any CPU.ActiveCfg = Release|Any CPU
		{62F351E3-8BCA-4DD2-8A24-AB2B54753DC7}.Release|Any CPU.Build.0 = Release|Any CPU
		{2544801C-140B-4492-956C-A09D466CF898}.Debug|Any CPU.ActiveCfg = Debug|Any CPU
		{2544801C-140B-4492-956C-A09D466CF898}.Debug|Any CPU.Build.0 = Debug|Any CPU
		{2544801C-140B-4492-956C-A09D466CF898}.Release|Any CPU.ActiveCfg = Release|Any CPU
		{2544801C-140B-4492-956C-A09D466CF898}.Release|Any CPU.Build.0 = Release|Any CPU
		{600D602E-BC0C-4DBE-805F-F77E43948178}.Debug|Any CPU.ActiveCfg = Debug|Any CPU
		{600D602E-BC0C-4DBE-805F-F77E43948178}.Debug|Any CPU.Build.0 = Debug|Any CPU
		{600D602E-BC0C-4DBE-805F-F77E43948178}.Release|Any CPU.ActiveCfg = Release|Any CPU
		{600D602E-BC0C-4DBE-805F-F77E43948178}.Release|Any CPU.Build.0 = Release|Any CPU
	EndGlobalSection
	GlobalSection(SolutionProperties) = preSolution
		HideSolutionNode = FALSE
	EndGlobalSection
	GlobalSection(NestedProjects) = preSolution
		{89B4201D-CBF5-4CA7-95B5-4220F403EC7C} = {C92035B9-257B-4A81-9FF3-C6AD96697769}
		{9D4D760A-A549-412D-86E0-F51ED837F625} = {C92035B9-257B-4A81-9FF3-C6AD96697769}
		{85461011-8165-433B-9DCA-8F23312602FD} = {C92035B9-257B-4A81-9FF3-C6AD96697769}
		{41114D8B-90E3-4B20-AE67-BEEFD4BBE228} = {C92035B9-257B-4A81-9FF3-C6AD96697769}
		{882B5AD4-6DF4-44FF-8643-BA4FCE9AECD6} = {BB1B2EFF-695C-4EB2-9BC9-590472A050D5}
		{542FDB6E-918C-466E-9B20-1679199E486C} = {BB1B2EFF-695C-4EB2-9BC9-590472A050D5}
		{014382BB-4DFE-4D10-9C20-B784EBF2B07C} = {BB1B2EFF-695C-4EB2-9BC9-590472A050D5}
		{51BCA9E0-A3F1-4840-9A52-7F1A81AFF73E} = {BB1B2EFF-695C-4EB2-9BC9-590472A050D5}
		{8F5119EA-1AFB-4BA4-8E93-265722DEF88F} = {BB1B2EFF-695C-4EB2-9BC9-590472A050D5}
		{9A883DA1-2E27-41CE-9C93-43ABA68A981B} = {2BC8712C-1D29-46E3-B19A-D2A2838F7E58}
		{4EF092A3-9EB4-4CFE-A970-3B15F7A20032} = {2BC8712C-1D29-46E3-B19A-D2A2838F7E58}
		{8DE67182-2AB0-4731-BF0B-79FBB3F868F7} = {1073E69C-6776-4852-9C17-CC2239154246}
		{62F351E3-8BCA-4DD2-8A24-AB2B54753DC7} = {5F6F7871-01BB-4DBE-8303-10C1263412DC}
		{2544801C-140B-4492-956C-A09D466CF898} = {B23E1CD5-BD66-45FD-80CB-838E4ADCD6F1}
		{600D602E-BC0C-4DBE-805F-F77E43948178} = {1073E69C-6776-4852-9C17-CC2239154246}
	EndGlobalSection
	GlobalSection(ExtensibilityGlobals) = postSolution
		SolutionGuid = {46C80C9F-CBF8-43D5-A493-9845EDDE8EA7}
	EndGlobalSection
EndGlobal
